// !$*UTF8*$!
{
	archiveVersion = 1;
	classes = {
	};
	objectVersion = 46;
	objects = {

/* Begin PBXBuildFile section */
		6060B4409F0FE2D25AD39B4A /* Pods_PTTSearchApp.framework in Frameworks */ = {isa = PBXBuildFile; fileRef = 0131580E420046FBD5EBCE81 /* Pods_PTTSearchApp.framework */; settings = {ATTRIBUTES = (Weak, ); }; };
		ACC2EB7D1B5A9E8500F92347 /* AppDelegate.swift in Sources */ = {isa = PBXBuildFile; fileRef = ACC2EB7C1B5A9E8500F92347 /* AppDelegate.swift */; };
		ACC2EB801B5A9E8500F92347 /* PTTSearchApp.xcdatamodeld in Sources */ = {isa = PBXBuildFile; fileRef = ACC2EB7E1B5A9E8500F92347 /* PTTSearchApp.xcdatamodeld */; };
		ACC2EB821B5A9E8500F92347 /* SearchViewController.swift in Sources */ = {isa = PBXBuildFile; fileRef = ACC2EB811B5A9E8500F92347 /* SearchViewController.swift */; };
		ACC2EB851B5A9E8500F92347 /* Main.storyboard in Resources */ = {isa = PBXBuildFile; fileRef = ACC2EB831B5A9E8500F92347 /* Main.storyboard */; };
		ACC2EB871B5A9E8500F92347 /* Images.xcassets in Resources */ = {isa = PBXBuildFile; fileRef = ACC2EB861B5A9E8500F92347 /* Images.xcassets */; };
		ACC2EB8A1B5A9E8500F92347 /* LaunchScreen.xib in Resources */ = {isa = PBXBuildFile; fileRef = ACC2EB881B5A9E8500F92347 /* LaunchScreen.xib */; };
		ACC2EB961B5A9E8500F92347 /* PTTSearchAppTests.swift in Sources */ = {isa = PBXBuildFile; fileRef = ACC2EB951B5A9E8500F92347 /* PTTSearchAppTests.swift */; };
		ACC2EBA41B5AAF4300F92347 /* Singleton.swift in Sources */ = {isa = PBXBuildFile; fileRef = ACC2EBA31B5AAF4300F92347 /* Singleton.swift */; };
		ACC2EBA61B5AAF6D00F92347 /* JSONMappable.swift in Sources */ = {isa = PBXBuildFile; fileRef = ACC2EBA51B5AAF6D00F92347 /* JSONMappable.swift */; };
		ACC2EBA81B5AB09300F92347 /* SearchHistory.swift in Sources */ = {isa = PBXBuildFile; fileRef = ACC2EBA71B5AB09300F92347 /* SearchHistory.swift */; };
		ACC2EBAA1B5AB0CB00F92347 /* SearchResult.swift in Sources */ = {isa = PBXBuildFile; fileRef = ACC2EBA91B5AB0CB00F92347 /* SearchResult.swift */; };
		ACD2FF051B5B751E006DF40D /* HintTableViewCell.swift in Sources */ = {isa = PBXBuildFile; fileRef = ACD2FF041B5B751E006DF40D /* HintTableViewCell.swift */; };
		ACD2FF071B5B752C006DF40D /* ProfileTableViewCell.swift in Sources */ = {isa = PBXBuildFile; fileRef = ACD2FF061B5B752C006DF40D /* ProfileTableViewCell.swift */; };
		ACDC9AF81B6B556B00C7F4D1 /* ProfileViewController.swift in Sources */ = {isa = PBXBuildFile; fileRef = ACDC9AF71B6B556B00C7F4D1 /* ProfileViewController.swift */; };
		ACDC9AFA1B6B57E600C7F4D1 /* TitlesViewController.swift in Sources */ = {isa = PBXBuildFile; fileRef = ACDC9AF91B6B57E600C7F4D1 /* TitlesViewController.swift */; };
/* End PBXBuildFile section */

/* Begin PBXContainerItemProxy section */
		ACC2EB901B5A9E8500F92347 /* PBXContainerItemProxy */ = {
			isa = PBXContainerItemProxy;
			containerPortal = ACC2EB6F1B5A9E8500F92347 /* Project object */;
			proxyType = 1;
			remoteGlobalIDString = ACC2EB761B5A9E8500F92347;
			remoteInfo = PTTSearchApp;
		};
/* End PBXContainerItemProxy section */

/* Begin PBXFileReference section */
		0131580E420046FBD5EBCE81 /* Pods_PTTSearchApp.framework */ = {isa = PBXFileReference; explicitFileType = wrapper.framework; includeInIndex = 0; path = Pods_PTTSearchApp.framework; sourceTree = BUILT_PRODUCTS_DIR; };
		30C1B859130DF166560571B6 /* Pods-PTTSearchApp.release.xcconfig */ = {isa = PBXFileReference; includeInIndex = 1; lastKnownFileType = text.xcconfig; name = "Pods-PTTSearchApp.release.xcconfig"; path = "Pods/Target Support Files/Pods-PTTSearchApp/Pods-PTTSearchApp.release.xcconfig"; sourceTree = "<group>"; };
		ACC2EB771B5A9E8500F92347 /* PTTSearchApp.app */ = {isa = PBXFileReference; explicitFileType = wrapper.application; includeInIndex = 0; path = PTTSearchApp.app; sourceTree = BUILT_PRODUCTS_DIR; };
		ACC2EB7B1B5A9E8500F92347 /* Info.plist */ = {isa = PBXFileReference; lastKnownFileType = text.plist.xml; path = Info.plist; sourceTree = "<group>"; };
		ACC2EB7C1B5A9E8500F92347 /* AppDelegate.swift */ = {isa = PBXFileReference; lastKnownFileType = sourcecode.swift; path = AppDelegate.swift; sourceTree = "<group>"; };
		ACC2EB7F1B5A9E8500F92347 /* PTTSearchApp.xcdatamodel */ = {isa = PBXFileReference; lastKnownFileType = wrapper.xcdatamodel; path = PTTSearchApp.xcdatamodel; sourceTree = "<group>"; };
		ACC2EB811B5A9E8500F92347 /* SearchViewController.swift */ = {isa = PBXFileReference; lastKnownFileType = sourcecode.swift; path = SearchViewController.swift; sourceTree = "<group>"; };
		ACC2EB841B5A9E8500F92347 /* Base */ = {isa = PBXFileReference; lastKnownFileType = file.storyboard; name = Base; path = Base.lproj/Main.storyboard; sourceTree = "<group>"; };
		ACC2EB861B5A9E8500F92347 /* Images.xcassets */ = {isa = PBXFileReference; lastKnownFileType = folder.assetcatalog; path = Images.xcassets; sourceTree = "<group>"; };
		ACC2EB891B5A9E8500F92347 /* Base */ = {isa = PBXFileReference; lastKnownFileType = file.xib; name = Base; path = Base.lproj/LaunchScreen.xib; sourceTree = "<group>"; };
		ACC2EB8F1B5A9E8500F92347 /* PTTSearchAppTests.xctest */ = {isa = PBXFileReference; explicitFileType = wrapper.cfbundle; includeInIndex = 0; path = PTTSearchAppTests.xctest; sourceTree = BUILT_PRODUCTS_DIR; };
		ACC2EB941B5A9E8500F92347 /* Info.plist */ = {isa = PBXFileReference; lastKnownFileType = text.plist.xml; path = Info.plist; sourceTree = "<group>"; };
		ACC2EB951B5A9E8500F92347 /* PTTSearchAppTests.swift */ = {isa = PBXFileReference; lastKnownFileType = sourcecode.swift; path = PTTSearchAppTests.swift; sourceTree = "<group>"; };
		ACC2EBA31B5AAF4300F92347 /* Singleton.swift */ = {isa = PBXFileReference; fileEncoding = 4; lastKnownFileType = sourcecode.swift; path = Singleton.swift; sourceTree = "<group>"; };
		ACC2EBA51B5AAF6D00F92347 /* JSONMappable.swift */ = {isa = PBXFileReference; fileEncoding = 4; lastKnownFileType = sourcecode.swift; path = JSONMappable.swift; sourceTree = "<group>"; };
		ACC2EBA71B5AB09300F92347 /* SearchHistory.swift */ = {isa = PBXFileReference; fileEncoding = 4; lastKnownFileType = sourcecode.swift; path = SearchHistory.swift; sourceTree = "<group>"; };
		ACC2EBA91B5AB0CB00F92347 /* SearchResult.swift */ = {isa = PBXFileReference; fileEncoding = 4; lastKnownFileType = sourcecode.swift; path = SearchResult.swift; sourceTree = "<group>"; };
		ACD2FF041B5B751E006DF40D /* HintTableViewCell.swift */ = {isa = PBXFileReference; fileEncoding = 4; lastKnownFileType = sourcecode.swift; path = HintTableViewCell.swift; sourceTree = "<group>"; };
		ACD2FF061B5B752C006DF40D /* ProfileTableViewCell.swift */ = {isa = PBXFileReference; fileEncoding = 4; lastKnownFileType = sourcecode.swift; path = ProfileTableViewCell.swift; sourceTree = "<group>"; };
		ACDC9AF71B6B556B00C7F4D1 /* ProfileViewController.swift */ = {isa = PBXFileReference; fileEncoding = 4; lastKnownFileType = sourcecode.swift; path = ProfileViewController.swift; sourceTree = "<group>"; };
		ACDC9AF91B6B57E600C7F4D1 /* TitlesViewController.swift */ = {isa = PBXFileReference; fileEncoding = 4; lastKnownFileType = sourcecode.swift; path = TitlesViewController.swift; sourceTree = "<group>"; };
		B2534E6993C4AE2F5DF89BD4 /* Pods-PTTSearchApp.debug.xcconfig */ = {isa = PBXFileReference; includeInIndex = 1; lastKnownFileType = text.xcconfig; name = "Pods-PTTSearchApp.debug.xcconfig"; path = "Pods/Target Support Files/Pods-PTTSearchApp/Pods-PTTSearchApp.debug.xcconfig"; sourceTree = "<group>"; };
/* End PBXFileReference section */

/* Begin PBXFrameworksBuildPhase section */
		ACC2EB741B5A9E8500F92347 /* Frameworks */ = {
			isa = PBXFrameworksBuildPhase;
			buildActionMask = 2147483647;
			files = (
				6060B4409F0FE2D25AD39B4A /* Pods_PTTSearchApp.framework in Frameworks */,
			);
			runOnlyForDeploymentPostprocessing = 0;
		};
		ACC2EB8C1B5A9E8500F92347 /* Frameworks */ = {
			isa = PBXFrameworksBuildPhase;
			buildActionMask = 2147483647;
			files = (
			);
			runOnlyForDeploymentPostprocessing = 0;
		};
/* End PBXFrameworksBuildPhase section */

/* Begin PBXGroup section */
		7C9474777E383DE7A13A5597 /* Frameworks */ = {
			isa = PBXGroup;
			children = (
				0131580E420046FBD5EBCE81 /* Pods_PTTSearchApp.framework */,
			);
			name = Frameworks;
			sourceTree = "<group>";
		};
		ACC2EB6E1B5A9E8500F92347 = {
			isa = PBXGroup;
			children = (
				ACC2EB791B5A9E8500F92347 /* PTTSearchApp */,
				ACC2EB921B5A9E8500F92347 /* PTTSearchAppTests */,
				ACC2EB781B5A9E8500F92347 /* Products */,
				C63390AEF91FA691F8CD396E /* Pods */,
				7C9474777E383DE7A13A5597 /* Frameworks */,
			);
			sourceTree = "<group>";
		};
		ACC2EB781B5A9E8500F92347 /* Products */ = {
			isa = PBXGroup;
			children = (
				ACC2EB771B5A9E8500F92347 /* PTTSearchApp.app */,
				ACC2EB8F1B5A9E8500F92347 /* PTTSearchAppTests.xctest */,
			);
			name = Products;
			sourceTree = "<group>";
		};
		ACC2EB791B5A9E8500F92347 /* PTTSearchApp */ = {
			isa = PBXGroup;
			children = (
				ACDC9AF61B6B554400C7F4D1 /* DetailView */,
				ACC2EB7C1B5A9E8500F92347 /* AppDelegate.swift */,
				ACD2FF031B5B74F0006DF40D /* SearchPage */,
				ACC2EB831B5A9E8500F92347 /* Main.storyboard */,
				ACC2EB861B5A9E8500F92347 /* Images.xcassets */,
				ACC2EB881B5A9E8500F92347 /* LaunchScreen.xib */,
				ACC2EB7E1B5A9E8500F92347 /* PTTSearchApp.xcdatamodeld */,
				ACC2EB7A1B5A9E8500F92347 /* Supporting Files */,
			);
			path = PTTSearchApp;
			sourceTree = "<group>";
		};
		ACC2EB7A1B5A9E8500F92347 /* Supporting Files */ = {
			isa = PBXGroup;
			children = (
				ACC2EB7B1B5A9E8500F92347 /* Info.plist */,
				ACC2EBA31B5AAF4300F92347 /* Singleton.swift */,
				ACC2EBA51B5AAF6D00F92347 /* JSONMappable.swift */,
				ACC2EBA71B5AB09300F92347 /* SearchHistory.swift */,
				ACC2EBA91B5AB0CB00F92347 /* SearchResult.swift */,
			);
			name = "Supporting Files";
			sourceTree = "<group>";
		};
		ACC2EB921B5A9E8500F92347 /* PTTSearchAppTests */ = {
			isa = PBXGroup;
			children = (
				ACC2EB951B5A9E8500F92347 /* PTTSearchAppTests.swift */,
				ACC2EB931B5A9E8500F92347 /* Supporting Files */,
			);
			path = PTTSearchAppTests;
			sourceTree = "<group>";
		};
		ACC2EB931B5A9E8500F92347 /* Supporting Files */ = {
			isa = PBXGroup;
			children = (
				ACC2EB941B5A9E8500F92347 /* Info.plist */,
			);
			name = "Supporting Files";
			sourceTree = "<group>";
		};
		ACD2FF031B5B74F0006DF40D /* SearchPage */ = {
			isa = PBXGroup;
			children = (
				ACC2EB811B5A9E8500F92347 /* SearchViewController.swift */,
				ACD2FF041B5B751E006DF40D /* HintTableViewCell.swift */,
				ACD2FF061B5B752C006DF40D /* ProfileTableViewCell.swift */,
			);
			name = SearchPage;
			sourceTree = "<group>";
		};
		ACDC9AF61B6B554400C7F4D1 /* DetailView */ = {
			isa = PBXGroup;
			children = (
				ACDC9AF71B6B556B00C7F4D1 /* ProfileViewController.swift */,
				ACDC9AF91B6B57E600C7F4D1 /* TitlesViewController.swift */,
			);
			name = DetailView;
			sourceTree = "<group>";
		};
		C63390AEF91FA691F8CD396E /* Pods */ = {
			isa = PBXGroup;
			children = (
				B2534E6993C4AE2F5DF89BD4 /* Pods-PTTSearchApp.debug.xcconfig */,
				30C1B859130DF166560571B6 /* Pods-PTTSearchApp.release.xcconfig */,
			);
			name = Pods;
			sourceTree = "<group>";
		};
/* End PBXGroup section */

/* Begin PBXNativeTarget section */
		ACC2EB761B5A9E8500F92347 /* PTTSearchApp */ = {
			isa = PBXNativeTarget;
			buildConfigurationList = ACC2EB991B5A9E8500F92347 /* Build configuration list for PBXNativeTarget "PTTSearchApp" */;
			buildPhases = (
				51BA344A02F667207AB2ABE2 /* Check Pods Manifest.lock */,
				ACC2EB731B5A9E8500F92347 /* Sources */,
				ACC2EB741B5A9E8500F92347 /* Frameworks */,
				ACC2EB751B5A9E8500F92347 /* Resources */,
				9DFD6331A07BD8BCC63D1FEE /* Embed Pods Frameworks */,
				BC6756345E3DB6439BD1B10F /* Copy Pods Resources */,
			);
			buildRules = (
			);
			dependencies = (
			);
			name = PTTSearchApp;
			productName = PTTSearchApp;
			productReference = ACC2EB771B5A9E8500F92347 /* PTTSearchApp.app */;
			productType = "com.apple.product-type.application";
		};
		ACC2EB8E1B5A9E8500F92347 /* PTTSearchAppTests */ = {
			isa = PBXNativeTarget;
			buildConfigurationList = ACC2EB9C1B5A9E8500F92347 /* Build configuration list for PBXNativeTarget "PTTSearchAppTests" */;
			buildPhases = (
				ACC2EB8B1B5A9E8500F92347 /* Sources */,
				ACC2EB8C1B5A9E8500F92347 /* Frameworks */,
				ACC2EB8D1B5A9E8500F92347 /* Resources */,
			);
			buildRules = (
			);
			dependencies = (
				ACC2EB911B5A9E8500F92347 /* PBXTargetDependency */,
			);
			name = PTTSearchAppTests;
			productName = PTTSearchAppTests;
			productReference = ACC2EB8F1B5A9E8500F92347 /* PTTSearchAppTests.xctest */;
			productType = "com.apple.product-type.bundle.unit-test";
		};
/* End PBXNativeTarget section */

/* Begin PBXProject section */
		ACC2EB6F1B5A9E8500F92347 /* Project object */ = {
			isa = PBXProject;
			attributes = {
				LastUpgradeCheck = 0640;
				ORGANIZATIONNAME = "陳冠宇";
				TargetAttributes = {
					ACC2EB761B5A9E8500F92347 = {
						CreatedOnToolsVersion = 6.4;
					};
					ACC2EB8E1B5A9E8500F92347 = {
						CreatedOnToolsVersion = 6.4;
						TestTargetID = ACC2EB761B5A9E8500F92347;
					};
				};
			};
			buildConfigurationList = ACC2EB721B5A9E8500F92347 /* Build configuration list for PBXProject "PTTSearchApp" */;
			compatibilityVersion = "Xcode 3.2";
			developmentRegion = English;
			hasScannedForEncodings = 0;
			knownRegions = (
				en,
				Base,
			);
			mainGroup = ACC2EB6E1B5A9E8500F92347;
			productRefGroup = ACC2EB781B5A9E8500F92347 /* Products */;
			projectDirPath = "";
			projectRoot = "";
			targets = (
				ACC2EB761B5A9E8500F92347 /* PTTSearchApp */,
				ACC2EB8E1B5A9E8500F92347 /* PTTSearchAppTests */,
			);
		};
/* End PBXProject section */

/* Begin PBXResourcesBuildPhase section */
		ACC2EB751B5A9E8500F92347 /* Resources */ = {
			isa = PBXResourcesBuildPhase;
			buildActionMask = 2147483647;
			files = (
				ACC2EB851B5A9E8500F92347 /* Main.storyboard in Resources */,
				ACC2EB8A1B5A9E8500F92347 /* LaunchScreen.xib in Resources */,
				ACC2EB871B5A9E8500F92347 /* Images.xcassets in Resources */,
			);
			runOnlyForDeploymentPostprocessing = 0;
		};
		ACC2EB8D1B5A9E8500F92347 /* Resources */ = {
			isa = PBXResourcesBuildPhase;
			buildActionMask = 2147483647;
			files = (
			);
			runOnlyForDeploymentPostprocessing = 0;
		};
/* End PBXResourcesBuildPhase section */

/* Begin PBXShellScriptBuildPhase section */
		51BA344A02F667207AB2ABE2 /* Check Pods Manifest.lock */ = {
			isa = PBXShellScriptBuildPhase;
			buildActionMask = 2147483647;
			files = (
			);
			inputPaths = (
			);
			name = "Check Pods Manifest.lock";
			outputPaths = (
			);
			runOnlyForDeploymentPostprocessing = 0;
			shellPath = /bin/sh;
			shellScript = "diff \"${PODS_ROOT}/../Podfile.lock\" \"${PODS_ROOT}/Manifest.lock\" > /dev/null\nif [[ $? != 0 ]] ; then\n    cat << EOM\nerror: The sandbox is not in sync with the Podfile.lock. Run 'pod install' or update your CocoaPods installation.\nEOM\n    exit 1\nfi\n";
			showEnvVarsInLog = 0;
		};
		9DFD6331A07BD8BCC63D1FEE /* Embed Pods Frameworks */ = {
			isa = PBXShellScriptBuildPhase;
			buildActionMask = 2147483647;
			files = (
			);
			inputPaths = (
			);
			name = "Embed Pods Frameworks";
			outputPaths = (
			);
			runOnlyForDeploymentPostprocessing = 0;
			shellPath = /bin/sh;
			shellScript = "\"${SRCROOT}/Pods/Target Support Files/Pods-PTTSearchApp/Pods-PTTSearchApp-frameworks.sh\"\n";
			showEnvVarsInLog = 0;
		};
		BC6756345E3DB6439BD1B10F /* Copy Pods Resources */ = {
			isa = PBXShellScriptBuildPhase;
			buildActionMask = 2147483647;
			files = (
			);
			inputPaths = (
			);
			name = "Copy Pods Resources";
			outputPaths = (
			);
			runOnlyForDeploymentPostprocessing = 0;
			shellPath = /bin/sh;
			shellScript = "\"${SRCROOT}/Pods/Target Support Files/Pods-PTTSearchApp/Pods-PTTSearchApp-resources.sh\"\n";
			showEnvVarsInLog = 0;
		};
/* End PBXShellScriptBuildPhase section */

/* Begin PBXSourcesBuildPhase section */
		ACC2EB731B5A9E8500F92347 /* Sources */ = {
			isa = PBXSourcesBuildPhase;
			buildActionMask = 2147483647;
			files = (
				ACD2FF051B5B751E006DF40D /* HintTableViewCell.swift in Sources */,
				ACC2EBAA1B5AB0CB00F92347 /* SearchResult.swift in Sources */,
				ACDC9AF81B6B556B00C7F4D1 /* ProfileViewController.swift in Sources */,
				ACC2EBA81B5AB09300F92347 /* SearchHistory.swift in Sources */,
				ACD2FF071B5B752C006DF40D /* ProfileTableViewCell.swift in Sources */,
				ACC2EB821B5A9E8500F92347 /* SearchViewController.swift in Sources */,
				ACC2EBA41B5AAF4300F92347 /* Singleton.swift in Sources */,
				ACC2EB801B5A9E8500F92347 /* PTTSearchApp.xcdatamodeld in Sources */,
				ACC2EB7D1B5A9E8500F92347 /* AppDelegate.swift in Sources */,
				ACC2EBA61B5AAF6D00F92347 /* JSONMappable.swift in Sources */,
				ACDC9AFA1B6B57E600C7F4D1 /* TitlesViewController.swift in Sources */,
			);
			runOnlyForDeploymentPostprocessing = 0;
		};
		ACC2EB8B1B5A9E8500F92347 /* Sources */ = {
			isa = PBXSourcesBuildPhase;
			buildActionMask = 2147483647;
			files = (
				ACC2EB961B5A9E8500F92347 /* PTTSearchAppTests.swift in Sources */,
			);
			runOnlyForDeploymentPostprocessing = 0;
		};
/* End PBXSourcesBuildPhase section */

/* Begin PBXTargetDependency section */
		ACC2EB911B5A9E8500F92347 /* PBXTargetDependency */ = {
			isa = PBXTargetDependency;
			target = ACC2EB761B5A9E8500F92347 /* PTTSearchApp */;
			targetProxy = ACC2EB901B5A9E8500F92347 /* PBXContainerItemProxy */;
		};
/* End PBXTargetDependency section */

/* Begin PBXVariantGroup section */
		ACC2EB831B5A9E8500F92347 /* Main.storyboard */ = {
			isa = PBXVariantGroup;
			children = (
				ACC2EB841B5A9E8500F92347 /* Base */,
			);
			name = Main.storyboard;
			sourceTree = "<group>";
		};
		ACC2EB881B5A9E8500F92347 /* LaunchScreen.xib */ = {
			isa = PBXVariantGroup;
			children = (
				ACC2EB891B5A9E8500F92347 /* Base */,
			);
			name = LaunchScreen.xib;
			sourceTree = "<group>";
		};
/* End PBXVariantGroup section */

/* Begin XCBuildConfiguration section */
		ACC2EB971B5A9E8500F92347 /* Debug */ = {
			isa = XCBuildConfiguration;
			buildSettings = {
				ALWAYS_SEARCH_USER_PATHS = NO;
				CLANG_CXX_LANGUAGE_STANDARD = "gnu++0x";
				CLANG_CXX_LIBRARY = "libc++";
				CLANG_ENABLE_MODULES = YES;
				CLANG_ENABLE_OBJC_ARC = YES;
				CLANG_WARN_BOOL_CONVERSION = YES;
				CLANG_WARN_CONSTANT_CONVERSION = YES;
				CLANG_WARN_DIRECT_OBJC_ISA_USAGE = YES_ERROR;
				CLANG_WARN_EMPTY_BODY = YES;
				CLANG_WARN_ENUM_CONVERSION = YES;
				CLANG_WARN_INT_CONVERSION = YES;
				CLANG_WARN_OBJC_ROOT_CLASS = YES_ERROR;
				CLANG_WARN_UNREACHABLE_CODE = YES;
				CLANG_WARN__DUPLICATE_METHOD_MATCH = YES;
				"CODE_SIGN_IDENTITY[sdk=iphoneos*]" = "iPhone Developer";
				COPY_PHASE_STRIP = NO;
				DEBUG_INFORMATION_FORMAT = "dwarf-with-dsym";
				ENABLE_STRICT_OBJC_MSGSEND = YES;
				GCC_C_LANGUAGE_STANDARD = gnu99;
				GCC_DYNAMIC_NO_PIC = NO;
				GCC_NO_COMMON_BLOCKS = YES;
				GCC_OPTIMIZATION_LEVEL = 0;
				GCC_PREPROCESSOR_DEFINITIONS = (
					"DEBUG=1",
					"$(inherited)",
				);
				GCC_SYMBOLS_PRIVATE_EXTERN = NO;
				GCC_WARN_64_TO_32_BIT_CONVERSION = YES;
				GCC_WARN_ABOUT_RETURN_TYPE = YES_ERROR;
				GCC_WARN_UNDECLARED_SELECTOR = YES;
				GCC_WARN_UNINITIALIZED_AUTOS = YES_AGGRESSIVE;
				GCC_WARN_UNUSED_FUNCTION = YES;
				GCC_WARN_UNUSED_VARIABLE = YES;
				IPHONEOS_DEPLOYMENT_TARGET = 8.4;
				MTL_ENABLE_DEBUG_INFO = YES;
				ONLY_ACTIVE_ARCH = YES;
				SDKROOT = iphoneos;
				SWIFT_OPTIMIZATION_LEVEL = "-Onone";
				TARGETED_DEVICE_FAMILY = "1,2";
			};
			name = Debug;
		};
		ACC2EB981B5A9E8500F92347 /* Release */ = {
			isa = XCBuildConfiguration;
			buildSettings = {
				ALWAYS_SEARCH_USER_PATHS = NO;
				CLANG_CXX_LANGUAGE_STANDARD = "gnu++0x";
				CLANG_CXX_LIBRARY = "libc++";
				CLANG_ENABLE_MODULES = YES;
				CLANG_ENABLE_OBJC_ARC = YES;
				CLANG_WARN_BOOL_CONVERSION = YES;
				CLANG_WARN_CONSTANT_CONVERSION = YES;
				CLANG_WARN_DIRECT_OBJC_ISA_USAGE = YES_ERROR;
				CLANG_WARN_EMPTY_BODY = YES;
				CLANG_WARN_ENUM_CONVERSION = YES;
				CLANG_WARN_INT_CONVERSION = YES;
				CLANG_WARN_OBJC_ROOT_CLASS = YES_ERROR;
				CLANG_WARN_UNREACHABLE_CODE = YES;
				CLANG_WARN__DUPLICATE_METHOD_MATCH = YES;
				"CODE_SIGN_IDENTITY[sdk=iphoneos*]" = "iPhone Developer";
				COPY_PHASE_STRIP = NO;
				DEBUG_INFORMATION_FORMAT = "dwarf-with-dsym";
				ENABLE_NS_ASSERTIONS = NO;
				ENABLE_STRICT_OBJC_MSGSEND = YES;
				GCC_C_LANGUAGE_STANDARD = gnu99;
				GCC_NO_COMMON_BLOCKS = YES;
				GCC_WARN_64_TO_32_BIT_CONVERSION = YES;
				GCC_WARN_ABOUT_RETURN_TYPE = YES_ERROR;
				GCC_WARN_UNDECLARED_SELECTOR = YES;
				GCC_WARN_UNINITIALIZED_AUTOS = YES_AGGRESSIVE;
				GCC_WARN_UNUSED_FUNCTION = YES;
				GCC_WARN_UNUSED_VARIABLE = YES;
				IPHONEOS_DEPLOYMENT_TARGET = 8.4;
				MTL_ENABLE_DEBUG_INFO = NO;
				SDKROOT = iphoneos;
				TARGETED_DEVICE_FAMILY = "1,2";
				VALIDATE_PRODUCT = YES;
			};
			name = Release;
		};
		ACC2EB9A1B5A9E8500F92347 /* Debug */ = {
			isa = XCBuildConfiguration;
			baseConfigurationReference = B2534E6993C4AE2F5DF89BD4 /* Pods-PTTSearchApp.debug.xcconfig */;
			buildSettings = {
				ASSETCATALOG_COMPILER_APPICON_NAME = AppIcon;
				INFOPLIST_FILE = PTTSearchApp/Info.plist;
				LD_RUNPATH_SEARCH_PATHS = "$(inherited) @executable_path/Frameworks";
				PRODUCT_NAME = "$(TARGET_NAME)";
			};
			name = Debug;
		};
		ACC2EB9B1B5A9E8500F92347 /* Release */ = {
			isa = XCBuildConfiguration;
			baseConfigurationReference = 30C1B859130DF166560571B6 /* Pods-PTTSearchApp.release.xcconfig */;
			buildSettings = {
				ASSETCATALOG_COMPILER_APPICON_NAME = AppIcon;
				INFOPLIST_FILE = PTTSearchApp/Info.plist;
				LD_RUNPATH_SEARCH_PATHS = "$(inherited) @executable_path/Frameworks";
				PRODUCT_NAME = "$(TARGET_NAME)";
			};
			name = Release;
		};
		ACC2EB9D1B5A9E8500F92347 /* Debug */ = {
			isa = XCBuildConfiguration;
			buildSettings = {
				BUNDLE_LOADER = "$(TEST_HOST)";
				FRAMEWORK_SEARCH_PATHS = (
					"$(SDKROOT)/Developer/Library/Frameworks",
					"$(inherited)",
				);
				GCC_PREPROCESSOR_DEFINITIONS = (
					"DEBUG=1",
					"$(inherited)",
				);
				INFOPLIST_FILE = PTTSearchAppTests/Info.plist;
				LD_RUNPATH_SEARCH_PATHS = "$(inherited) @executable_path/Frameworks @loader_path/Frameworks";
				PRODUCT_NAME = "$(TARGET_NAME)";
				TEST_HOST = "$(BUILT_PRODUCTS_DIR)/PTTSearchApp.app/PTTSearchApp";
			};
			name = Debug;
		};
		ACC2EB9E1B5A9E8500F92347 /* Release */ = {
			isa = XCBuildConfiguration;
			buildSettings = {
				BUNDLE_LOADER = "$(TEST_HOST)";
				FRAMEWORK_SEARCH_PATHS = (
					"$(SDKROOT)/Developer/Library/Frameworks",
					"$(inherited)",
				);
				INFOPLIST_FILE = PTTSearchAppTests/Info.plist;
				LD_RUNPATH_SEARCH_PATHS = "$(inherited) @executable_path/Frameworks @loader_path/Frameworks";
				PRODUCT_NAME = "$(TARGET_NAME)";
				TEST_HOST = "$(BUILT_PRODUCTS_DIR)/PTTSearchApp.app/PTTSearchApp";
			};
			name = Release;
		};
/* End XCBuildConfiguration section */

/* Begin XCConfigurationList section */
		ACC2EB721B5A9E8500F92347 /* Build configuration list for PBXProject "PTTSearchApp" */ = {
			isa = XCConfigurationList;
			buildConfigurations = (
				ACC2EB971B5A9E8500F92347 /* Debug */,
				ACC2EB981B5A9E8500F92347 /* Release */,
			);
			defaultConfigurationIsVisible = 0;
			defaultConfigurationName = Release;
		};
		ACC2EB991B5A9E8500F92347 /* Build configuration list for PBXNativeTarget "PTTSearchApp" */ = {
			isa = XCConfigurationList;
			buildConfigurations = (
				ACC2EB9A1B5A9E8500F92347 /* Debug */,
				ACC2EB9B1B5A9E8500F92347 /* Release */,
			);
			defaultConfigurationIsVisible = 0;
			defaultConfigurationName = Release;
		};
		ACC2EB9C1B5A9E8500F92347 /* Build configuration list for PBXNativeTarget "PTTSearchAppTests" */ = {
			isa = XCConfigurationList;
			buildConfigurations = (
				ACC2EB9D1B5A9E8500F92347 /* Debug */,
				ACC2EB9E1B5A9E8500F92347 /* Release */,
			);
			defaultConfigurationIsVisible = 0;
			defaultConfigurationName = Release;
		};
/* End XCConfigurationList section */

/* Begin XCVersionGroup section */
		ACC2EB7E1B5A9E8500F92347 /* PTTSearchApp.xcdatamodeld */ = {
			isa = XCVersionGroup;
			children = (
				ACC2EB7F1B5A9E8500F92347 /* PTTSearchApp.xcdatamodel */,
			);
			currentVersion = ACC2EB7F1B5A9E8500F92347 /* PTTSearchApp.xcdatamodel */;
			path = PTTSearchApp.xcdatamodeld;
			sourceTree = "<group>";
			versionGroupType = wrapper.xcdatamodel;
		};
/* End XCVersionGroup section */
	};
	rootObject = ACC2EB6F1B5A9E8500F92347 /* Project object */;
}
